// !$*UTF8*$!
{
	archiveVersion = 1;
	classes = {
	};
	objectVersion = 46;
	objects = {

/* Begin PBXBuildFile section */
		207278F019CC29A100C40976 /* main.m in Sources */ = {isa = PBXBuildFile; fileRef = 207278EF19CC29A100C40976 /* main.m */; };
		207278F319CC29A100C40976 /* AppDelegate.m in Sources */ = {isa = PBXBuildFile; fileRef = 207278F219CC29A100C40976 /* AppDelegate.m */; };
		207278F619CC29A100C40976 /* ViewController.m in Sources */ = {isa = PBXBuildFile; fileRef = 207278F519CC29A100C40976 /* ViewController.m */; };
		207278F919CC29A100C40976 /* Main.storyboard in Resources */ = {isa = PBXBuildFile; fileRef = 207278F719CC29A100C40976 /* Main.storyboard */; };
		207278FB19CC29A100C40976 /* Images.xcassets in Resources */ = {isa = PBXBuildFile; fileRef = 207278FA19CC29A100C40976 /* Images.xcassets */; };
		207278FE19CC29A100C40976 /* LaunchScreen.xib in Resources */ = {isa = PBXBuildFile; fileRef = 207278FC19CC29A100C40976 /* LaunchScreen.xib */; };
		2072792C19CC2E5F00C40976 /* SystemConfiguration.framework in Frameworks */ = {isa = PBXBuildFile; fileRef = 2072792B19CC2E5F00C40976 /* SystemConfiguration.framework */; };
		2072793919CC2F0500C40976 /* MobileCoreServices.framework in Frameworks */ = {isa = PBXBuildFile; fileRef = 2072793519CC2EDE00C40976 /* MobileCoreServices.framework */; };
		2072793B19CC2FC400C40976 /* Accelerate.framework in Frameworks */ = {isa = PBXBuildFile; fileRef = 2072793A19CC2FC400C40976 /* Accelerate.framework */; };
		20E4674D19D00ED4009EC7AF /* Podfile in Resources */ = {isa = PBXBuildFile; fileRef = 20E4674C19D00ED4009EC7AF /* Podfile */; };
		A10B2E791AA7954600872EC2 /* DimeloConfig.plist in Resources */ = {isa = PBXBuildFile; fileRef = A10B2E781AA7954600872EC2 /* DimeloConfig.plist */; };
		D98DACC392448F7AB4D7C238 /* libPods-Dimelo CocoaPods Sample.a in Frameworks */ = {isa = PBXBuildFile; fileRef = 8EF51AD55571B0123DE776C4 /* libPods-Dimelo CocoaPods Sample.a */; };
/* End PBXBuildFile section */

/* Begin PBXFileReference section */
		207278EA19CC29A100C40976 /* Dimelo CocoaPods Sample.app */ = {isa = PBXFileReference; explicitFileType = wrapper.application; includeInIndex = 0; path = "Dimelo CocoaPods Sample.app"; sourceTree = BUILT_PRODUCTS_DIR; };
		207278EE19CC29A100C40976 /* Info.plist */ = {isa = PBXFileReference; lastKnownFileType = text.plist.xml; path = Info.plist; sourceTree = "<group>"; };
		207278EF19CC29A100C40976 /* main.m */ = {isa = PBXFileReference; lastKnownFileType = sourcecode.c.objc; path = main.m; sourceTree = "<group>"; };
		207278F119CC29A100C40976 /* AppDelegate.h */ = {isa = PBXFileReference; lastKnownFileType = sourcecode.c.h; path = AppDelegate.h; sourceTree = "<group>"; };
		207278F219CC29A100C40976 /* AppDelegate.m */ = {isa = PBXFileReference; lastKnownFileType = sourcecode.c.objc; path = AppDelegate.m; sourceTree = "<group>"; };
		207278F419CC29A100C40976 /* ViewController.h */ = {isa = PBXFileReference; lastKnownFileType = sourcecode.c.h; path = ViewController.h; sourceTree = "<group>"; };
		207278F519CC29A100C40976 /* ViewController.m */ = {isa = PBXFileReference; lastKnownFileType = sourcecode.c.objc; path = ViewController.m; sourceTree = "<group>"; };
		207278F819CC29A100C40976 /* Base */ = {isa = PBXFileReference; lastKnownFileType = file.storyboard; name = Base; path = Base.lproj/Main.storyboard; sourceTree = "<group>"; };
		207278FA19CC29A100C40976 /* Images.xcassets */ = {isa = PBXFileReference; lastKnownFileType = folder.assetcatalog; path = Images.xcassets; sourceTree = "<group>"; };
		207278FD19CC29A100C40976 /* Base */ = {isa = PBXFileReference; lastKnownFileType = file.xib; name = Base; path = Base.lproj/LaunchScreen.xib; sourceTree = "<group>"; };
		2072792B19CC2E5F00C40976 /* SystemConfiguration.framework */ = {isa = PBXFileReference; lastKnownFileType = wrapper.framework; name = SystemConfiguration.framework; path = System/Library/Frameworks/SystemConfiguration.framework; sourceTree = SDKROOT; };
		2072793519CC2EDE00C40976 /* MobileCoreServices.framework */ = {isa = PBXFileReference; lastKnownFileType = wrapper.framework; name = MobileCoreServices.framework; path = System/Library/Frameworks/MobileCoreServices.framework; sourceTree = SDKROOT; };
		2072793A19CC2FC400C40976 /* Accelerate.framework */ = {isa = PBXFileReference; lastKnownFileType = wrapper.framework; name = Accelerate.framework; path = System/Library/Frameworks/Accelerate.framework; sourceTree = SDKROOT; };
		20E4674C19D00ED4009EC7AF /* Podfile */ = {isa = PBXFileReference; fileEncoding = 4; lastKnownFileType = text; path = Podfile; sourceTree = "<group>"; };
		8EF51AD55571B0123DE776C4 /* libPods-Dimelo CocoaPods Sample.a */ = {isa = PBXFileReference; explicitFileType = archive.ar; includeInIndex = 0; path = "libPods-Dimelo CocoaPods Sample.a"; sourceTree = BUILT_PRODUCTS_DIR; };
		941CA9CB05036DD2117E48F0 /* Pods-Dimelo CocoaPods Sample.debug.xcconfig */ = {isa = PBXFileReference; includeInIndex = 1; lastKnownFileType = text.xcconfig; name = "Pods-Dimelo CocoaPods Sample.debug.xcconfig"; path = "Pods/Target Support Files/Pods-Dimelo CocoaPods Sample/Pods-Dimelo CocoaPods Sample.debug.xcconfig"; sourceTree = "<group>"; };
		A10B2E781AA7954600872EC2 /* DimeloConfig.plist */ = {isa = PBXFileReference; fileEncoding = 4; lastKnownFileType = text.plist.xml; path = DimeloConfig.plist; sourceTree = SOURCE_ROOT; };
		D92AE51EF0CA8E879685B446 /* Pods-Dimelo CocoaPods Sample.release.xcconfig */ = {isa = PBXFileReference; includeInIndex = 1; lastKnownFileType = text.xcconfig; name = "Pods-Dimelo CocoaPods Sample.release.xcconfig"; path = "Pods/Target Support Files/Pods-Dimelo CocoaPods Sample/Pods-Dimelo CocoaPods Sample.release.xcconfig"; sourceTree = "<group>"; };
/* End PBXFileReference section */

/* Begin PBXFrameworksBuildPhase section */
		207278E719CC29A100C40976 /* Frameworks */ = {
			isa = PBXFrameworksBuildPhase;
			buildActionMask = 2147483647;
			files = (
				2072793B19CC2FC400C40976 /* Accelerate.framework in Frameworks */,
				2072793919CC2F0500C40976 /* MobileCoreServices.framework in Frameworks */,
				2072792C19CC2E5F00C40976 /* SystemConfiguration.framework in Frameworks */,
				D98DACC392448F7AB4D7C238 /* libPods-Dimelo CocoaPods Sample.a in Frameworks */,
			);
			runOnlyForDeploymentPostprocessing = 0;
		};
/* End PBXFrameworksBuildPhase section */

/* Begin PBXGroup section */
		086AB6B65C1BC3056AD04D54 /* Pods */ = {
			isa = PBXGroup;
			children = (
				941CA9CB05036DD2117E48F0 /* Pods-Dimelo CocoaPods Sample.debug.xcconfig */,
				D92AE51EF0CA8E879685B446 /* Pods-Dimelo CocoaPods Sample.release.xcconfig */,
			);
			name = Pods;
			sourceTree = "<group>";
		};
		207278E119CC29A100C40976 = {
			isa = PBXGroup;
			children = (
				20E4674C19D00ED4009EC7AF /* Podfile */,
				207278EC19CC29A100C40976 /* Dimelo Sample App */,
				207278EB19CC29A100C40976 /* Products */,
				086AB6B65C1BC3056AD04D54 /* Pods */,
				C807B7EB14207C7156BF7080 /* Frameworks */,
			);
			sourceTree = "<group>";
		};
		207278EB19CC29A100C40976 /* Products */ = {
			isa = PBXGroup;
			children = (
				207278EA19CC29A100C40976 /* Dimelo CocoaPods Sample.app */,
			);
			name = Products;
			sourceTree = "<group>";
		};
		207278EC19CC29A100C40976 /* Dimelo Sample App */ = {
			isa = PBXGroup;
			children = (
				207278F119CC29A100C40976 /* AppDelegate.h */,
				207278F219CC29A100C40976 /* AppDelegate.m */,
				207278F419CC29A100C40976 /* ViewController.h */,
				207278F519CC29A100C40976 /* ViewController.m */,
				207278F719CC29A100C40976 /* Main.storyboard */,
				207278FA19CC29A100C40976 /* Images.xcassets */,
				A10B2E781AA7954600872EC2 /* DimeloConfig.plist */,
				207278FC19CC29A100C40976 /* LaunchScreen.xib */,
				207278ED19CC29A100C40976 /* Supporting Files */,
			);
			name = "Dimelo Sample App";
			path = DimeloSampleApp;
			sourceTree = "<group>";
		};
		207278ED19CC29A100C40976 /* Supporting Files */ = {
			isa = PBXGroup;
			children = (
				2072793A19CC2FC400C40976 /* Accelerate.framework */,
				2072793519CC2EDE00C40976 /* MobileCoreServices.framework */,
				2072792B19CC2E5F00C40976 /* SystemConfiguration.framework */,
				207278EE19CC29A100C40976 /* Info.plist */,
				207278EF19CC29A100C40976 /* main.m */,
			);
			name = "Supporting Files";
			sourceTree = "<group>";
		};
		C807B7EB14207C7156BF7080 /* Frameworks */ = {
			isa = PBXGroup;
			children = (
				8EF51AD55571B0123DE776C4 /* libPods-Dimelo CocoaPods Sample.a */,
			);
			name = Frameworks;
			sourceTree = "<group>";
		};
/* End PBXGroup section */

/* Begin PBXNativeTarget section */
		207278E919CC29A100C40976 /* Dimelo CocoaPods Sample */ = {
			isa = PBXNativeTarget;
			buildConfigurationList = 2072790D19CC29A100C40976 /* Build configuration list for PBXNativeTarget "Dimelo CocoaPods Sample" */;
			buildPhases = (
				E7816F129B8DA08114ADCE87 /* [CP] Check Pods Manifest.lock */,
				207278E619CC29A100C40976 /* Sources */,
				207278E719CC29A100C40976 /* Frameworks */,
				207278E819CC29A100C40976 /* Resources */,
				17E18941F81DAA175E2E2B44 /* [CP] Embed Pods Frameworks */,
				E694C3E9094017C87CCFEADB /* [CP] Copy Pods Resources */,
			);
			buildRules = (
			);
			dependencies = (
			);
			name = "Dimelo CocoaPods Sample";
			productName = "Dimelo Sample App";
			productReference = 207278EA19CC29A100C40976 /* Dimelo CocoaPods Sample.app */;
			productType = "com.apple.product-type.application";
		};
/* End PBXNativeTarget section */

/* Begin PBXProject section */
		207278E219CC29A100C40976 /* Project object */ = {
			isa = PBXProject;
			attributes = {
				LastUpgradeCheck = 0600;
				ORGANIZATIONNAME = Dimelo;
				TargetAttributes = {
					207278E919CC29A100C40976 = {
						CreatedOnToolsVersion = 6.0;
					};
				};
			};
			buildConfigurationList = 207278E519CC29A100C40976 /* Build configuration list for PBXProject "Dimelo CocoaPods Sample" */;
			compatibilityVersion = "Xcode 3.2";
			developmentRegion = English;
			hasScannedForEncodings = 0;
			knownRegions = (
				en,
				Base,
			);
			mainGroup = 207278E119CC29A100C40976;
			productRefGroup = 207278EB19CC29A100C40976 /* Products */;
			projectDirPath = "";
			projectRoot = "";
			targets = (
				207278E919CC29A100C40976 /* Dimelo CocoaPods Sample */,
			);
		};
/* End PBXProject section */

/* Begin PBXResourcesBuildPhase section */
		207278E819CC29A100C40976 /* Resources */ = {
			isa = PBXResourcesBuildPhase;
			buildActionMask = 2147483647;
			files = (
				207278F919CC29A100C40976 /* Main.storyboard in Resources */,
				207278FE19CC29A100C40976 /* LaunchScreen.xib in Resources */,
				A10B2E791AA7954600872EC2 /* DimeloConfig.plist in Resources */,
				20E4674D19D00ED4009EC7AF /* Podfile in Resources */,
				207278FB19CC29A100C40976 /* Images.xcassets in Resources */,
			);
			runOnlyForDeploymentPostprocessing = 0;
		};
/* End PBXResourcesBuildPhase section */

/* Begin PBXShellScriptBuildPhase section */
		17E18941F81DAA175E2E2B44 /* [CP] Embed Pods Frameworks */ = {
			isa = PBXShellScriptBuildPhase;
			buildActionMask = 2147483647;
			files = (
			);
			inputPaths = (
			);
			name = "[CP] Embed Pods Frameworks";
			outputPaths = (
			);
			runOnlyForDeploymentPostprocessing = 0;
			shellPath = /bin/sh;
			shellScript = "\"${SRCROOT}/Pods/Target Support Files/Pods-Dimelo CocoaPods Sample/Pods-Dimelo CocoaPods Sample-frameworks.sh\"\n";
			showEnvVarsInLog = 0;
		};
		E694C3E9094017C87CCFEADB /* [CP] Copy Pods Resources */ = {
			isa = PBXShellScriptBuildPhase;
			buildActionMask = 2147483647;
			files = (
			);
			inputPaths = (
			);
			name = "[CP] Copy Pods Resources";
			outputPaths = (
			);
			runOnlyForDeploymentPostprocessing = 0;
			shellPath = /bin/sh;
			shellScript = "\"${SRCROOT}/Pods/Target Support Files/Pods-Dimelo CocoaPods Sample/Pods-Dimelo CocoaPods Sample-resources.sh\"\n";
			showEnvVarsInLog = 0;
		};
		E7816F129B8DA08114ADCE87 /* [CP] Check Pods Manifest.lock */ = {
			isa = PBXShellScriptBuildPhase;
			buildActionMask = 2147483647;
			files = (
			);
			inputPaths = (
			);
			name = "[CP] Check Pods Manifest.lock";
			outputPaths = (
			);
			runOnlyForDeploymentPostprocessing = 0;
			shellPath = /bin/sh;
			shellScript = "diff \"${PODS_ROOT}/../Podfile.lock\" \"${PODS_ROOT}/Manifest.lock\" > /dev/null\nif [ $? != 0 ] ; then\n    # print error to STDERR\n    echo \"error: The sandbox is not in sync with the Podfile.lock. Run 'pod install' or update your CocoaPods installation.\" >&2\n    exit 1\nfi\n";
			showEnvVarsInLog = 0;
		};
/* End PBXShellScriptBuildPhase section */

/* Begin PBXSourcesBuildPhase section */
		207278E619CC29A100C40976 /* Sources */ = {
			isa = PBXSourcesBuildPhase;
			buildActionMask = 2147483647;
			files = (
				207278F619CC29A100C40976 /* ViewController.m in Sources */,
				207278F319CC29A100C40976 /* AppDelegate.m in Sources */,
				207278F019CC29A100C40976 /* main.m in Sources */,
			);
			runOnlyForDeploymentPostprocessing = 0;
		};
/* End PBXSourcesBuildPhase section */

/* Begin PBXVariantGroup section */
		207278F719CC29A100C40976 /* Main.storyboard */ = {
			isa = PBXVariantGroup;
			children = (
				207278F819CC29A100C40976 /* Base */,
			);
			name = Main.storyboard;
			sourceTree = "<group>";
		};
		207278FC19CC29A100C40976 /* LaunchScreen.xib */ = {
			isa = PBXVariantGroup;
			children = (
				207278FD19CC29A100C40976 /* Base */,
			);
			name = LaunchScreen.xib;
			sourceTree = "<group>";
		};
/* End PBXVariantGroup section */

/* Begin XCBuildConfiguration section */
		2072790B19CC29A100C40976 /* Debug */ = {
			isa = XCBuildConfiguration;
			buildSettings = {
				ALWAYS_SEARCH_USER_PATHS = NO;
				CLANG_CXX_LANGUAGE_STANDARD = "gnu++0x";
				CLANG_CXX_LIBRARY = "libc++";
				CLANG_ENABLE_MODULES = YES;
				CLANG_ENABLE_OBJC_ARC = YES;
				CLANG_WARN_BOOL_CONVERSION = YES;
				CLANG_WARN_CONSTANT_CONVERSION = YES;
				CLANG_WARN_DIRECT_OBJC_ISA_USAGE = YES_ERROR;
				CLANG_WARN_EMPTY_BODY = YES;
				CLANG_WARN_ENUM_CONVERSION = YES;
				CLANG_WARN_INT_CONVERSION = YES;
				CLANG_WARN_OBJC_ROOT_CLASS = YES_ERROR;
				CLANG_WARN_UNREACHABLE_CODE = YES;
				CLANG_WARN__DUPLICATE_METHOD_MATCH = YES;
				"CODE_SIGN_IDENTITY[sdk=iphoneos*]" = "iPhone Developer";
				COPY_PHASE_STRIP = NO;
				ENABLE_STRICT_OBJC_MSGSEND = YES;
				GCC_C_LANGUAGE_STANDARD = gnu99;
				GCC_DYNAMIC_NO_PIC = NO;
				GCC_OPTIMIZATION_LEVEL = 0;
				GCC_PREPROCESSOR_DEFINITIONS = (
					"DEBUG=1",
					"$(inherited)",
				);
				GCC_SYMBOLS_PRIVATE_EXTERN = NO;
				GCC_WARN_64_TO_32_BIT_CONVERSION = YES;
				GCC_WARN_ABOUT_RETURN_TYPE = YES_ERROR;
				GCC_WARN_UNDECLARED_SELECTOR = YES;
				GCC_WARN_UNINITIALIZED_AUTOS = YES_AGGRESSIVE;
				GCC_WARN_UNUSED_FUNCTION = YES;
				GCC_WARN_UNUSED_VARIABLE = YES;
				IPHONEOS_DEPLOYMENT_TARGET = 8.0;
				MTL_ENABLE_DEBUG_INFO = YES;
				ONLY_ACTIVE_ARCH = YES;
				SDKROOT = iphoneos;
				TARGETED_DEVICE_FAMILY = "1,2";
			};
			name = Debug;
		};
		2072790C19CC29A100C40976 /* Release */ = {
			isa = XCBuildConfiguration;
			buildSettings = {
				ALWAYS_SEARCH_USER_PATHS = NO;
				CLANG_CXX_LANGUAGE_STANDARD = "gnu++0x";
				CLANG_CXX_LIBRARY = "libc++";
				CLANG_ENABLE_MODULES = YES;
				CLANG_ENABLE_OBJC_ARC = YES;
				CLANG_WARN_BOOL_CONVERSION = YES;
				CLANG_WARN_CONSTANT_CONVERSION = YES;
				CLANG_WARN_DIRECT_OBJC_ISA_USAGE = YES_ERROR;
				CLANG_WARN_EMPTY_BODY = YES;
				CLANG_WARN_ENUM_CONVERSION = YES;
				CLANG_WARN_INT_CONVERSION = YES;
				CLANG_WARN_OBJC_ROOT_CLASS = YES_ERROR;
				CLANG_WARN_UNREACHABLE_CODE = YES;
				CLANG_WARN__DUPLICATE_METHOD_MATCH = YES;
				"CODE_SIGN_IDENTITY[sdk=iphoneos*]" = "iPhone Developer";
				COPY_PHASE_STRIP = YES;
				ENABLE_NS_ASSERTIONS = NO;
				ENABLE_STRICT_OBJC_MSGSEND = YES;
				GCC_C_LANGUAGE_STANDARD = gnu99;
				GCC_WARN_64_TO_32_BIT_CONVERSION = YES;
				GCC_WARN_ABOUT_RETURN_TYPE = YES_ERROR;
				GCC_WARN_UNDECLARED_SELECTOR = YES;
				GCC_WARN_UNINITIALIZED_AUTOS = YES_AGGRESSIVE;
				GCC_WARN_UNUSED_FUNCTION = YES;
				GCC_WARN_UNUSED_VARIABLE = YES;
				IPHONEOS_DEPLOYMENT_TARGET = 8.0;
				MTL_ENABLE_DEBUG_INFO = NO;
				SDKROOT = iphoneos;
				TARGETED_DEVICE_FAMILY = "1,2";
				VALIDATE_PRODUCT = YES;
			};
			name = Release;
		};
		2072790E19CC29A100C40976 /* Debug */ = {
			isa = XCBuildConfiguration;
			baseConfigurationReference = 941CA9CB05036DD2117E48F0 /* Pods-Dimelo CocoaPods Sample.debug.xcconfig */;
			buildSettings = {
				ASSETCATALOG_COMPILER_APPICON_NAME = AppIcon;
				INFOPLIST_FILE = DimeloSampleApp/Info.plist;
				LD_RUNPATH_SEARCH_PATHS = "$(inherited) @executable_path/Frameworks";
				LIBRARY_SEARCH_PATHS = (
					"$(inherited)",
					"$(PROJECT_DIR)/DimeloSampleApp/Dimelo",
				);
				PRODUCT_NAME = "Dimelo CocoaPods Sample";
			};
			name = Debug;
		};
		2072790F19CC29A100C40976 /* Release */ = {
			isa = XCBuildConfiguration;
			baseConfigurationReference = D92AE51EF0CA8E879685B446 /* Pods-Dimelo CocoaPods Sample.release.xcconfig */;
			buildSettings = {
				ASSETCATALOG_COMPILER_APPICON_NAME = AppIcon;
				INFOPLIST_FILE = DimeloSampleApp/Info.plist;
				LD_RUNPATH_SEARCH_PATHS = "$(inherited) @executable_path/Frameworks";
				LIBRARY_SEARCH_PATHS = (
					"$(inherited)",
					"$(PROJECT_DIR)/DimeloSampleApp/Dimelo",
				);
				PRODUCT_NAME = "Dimelo CocoaPods Sample";
			};
			name = Release;
		};
/* End XCBuildConfiguration section */

/* Begin XCConfigurationList section */
		207278E519CC29A100C40976 /* Build configuration list for PBXProject "Dimelo CocoaPods Sample" */ = {
			isa = XCConfigurationList;
			buildConfigurations = (
				2072790B19CC29A100C40976 /* Debug */,
				2072790C19CC29A100C40976 /* Release */,
			);
			defaultConfigurationIsVisible = 0;
			defaultConfigurationName = Release;
		};
		2072790D19CC29A100C40976 /* Build configuration list for PBXNativeTarget "Dimelo CocoaPods Sample" */ = {
			isa = XCConfigurationList;
			buildConfigurations = (
				2072790E19CC29A100C40976 /* Debug */,
				2072790F19CC29A100C40976 /* Release */,
			);
			defaultConfigurationIsVisible = 0;
			defaultConfigurationName = Release;
		};
/* End XCConfigurationList section */
	};
	rootObject = 207278E219CC29A100C40976 /* Project object */;
}
