PODS:
  - Dimelo-iOS (1.7.9)

DEPENDENCIES:
  - Dimelo-iOS (from `https://github.com/dimelo/Dimelo-iOS`, tag `v1.7.9`)

EXTERNAL SOURCES:
  Dimelo-iOS:
    :git: https://github.com/dimelo/Dimelo-iOS
    :tag: v1.7.9

CHECKOUT OPTIONS:
  Dimelo-iOS:
    :git: https://github.com/dimelo/Dimelo-iOS
    :tag: v1.7.9

SPEC CHECKSUMS:
  Dimelo-iOS: ac1ff3db4e767f39a8e2b915c7fc723b3f3155c7

PODFILE CHECKSUM: d80a30b72366b10798185c1fba8bc7f92affee74

COCOAPODS: 1.3.1
