// !$*UTF8*$!
{
	archiveVersion = 1;
	classes = {
	};
	objectVersion = 46;
	objects = {

/* Begin PBXBuildFile section */
		207278F019CC29A100C40976 /* main.m in Sources */ = {isa = PBXBuildFile; fileRef = 207278EF19CC29A100C40976 /* main.m */; };
		207278F319CC29A100C40976 /* AppDelegate.m in Sources */ = {isa = PBXBuildFile; fileRef = 207278F219CC29A100C40976 /* AppDelegate.m */; };
		207278F619CC29A100C40976 /* ViewController.m in Sources */ = {isa = PBXBuildFile; fileRef = 207278F519CC29A100C40976 /* ViewController.m */; };
		207278F919CC29A100C40976 /* Main.storyboard in Resources */ = {isa = PBXBuildFile; fileRef = 207278F719CC29A100C40976 /* Main.storyboard */; };
		207278FB19CC29A100C40976 /* Images.xcassets in Resources */ = {isa = PBXBuildFile; fileRef = 207278FA19CC29A100C40976 /* Images.xcassets */; };
		207278FE19CC29A100C40976 /* LaunchScreen.xib in Resources */ = {isa = PBXBuildFile; fileRef = 207278FC19CC29A100C40976 /* LaunchScreen.xib */; };
		2072792C19CC2E5F00C40976 /* SystemConfiguration.framework in Frameworks */ = {isa = PBXBuildFile; fileRef = 2072792B19CC2E5F00C40976 /* SystemConfiguration.framework */; };
		2072793919CC2F0500C40976 /* MobileCoreServices.framework in Frameworks */ = {isa = PBXBuildFile; fileRef = 2072793519CC2EDE00C40976 /* MobileCoreServices.framework */; };
		2072793B19CC2FC400C40976 /* Accelerate.framework in Frameworks */ = {isa = PBXBuildFile; fileRef = 2072793A19CC2FC400C40976 /* Accelerate.framework */; };
		58178A381E48E8170020A6B9 /* Dimelo.framework in Frameworks */ = {isa = PBXBuildFile; fileRef = 58178A361E48E7D60020A6B9 /* Dimelo.framework */; };
		58178A391E48E8170020A6B9 /* Dimelo.framework in Embed Frameworks */ = {isa = PBXBuildFile; fileRef = 58178A361E48E7D60020A6B9 /* Dimelo.framework */; settings = {ATTRIBUTES = (CodeSignOnCopy, RemoveHeadersOnCopy, ); }; };
		585AC0E31DEC954100DE3DAC /* DimeloBankViewController.m in Sources */ = {isa = PBXBuildFile; fileRef = 585AC0DB1DEC954100DE3DAC /* DimeloBankViewController.m */; };
		585AC0E41DEC954100DE3DAC /* DimeloDefaultViewController.m in Sources */ = {isa = PBXBuildFile; fileRef = 585AC0DD1DEC954100DE3DAC /* DimeloDefaultViewController.m */; };
		585AC0E51DEC954100DE3DAC /* DimeloTelcoViewController.m in Sources */ = {isa = PBXBuildFile; fileRef = 585AC0DF1DEC954100DE3DAC /* DimeloTelcoViewController.m */; };
		585AC0E61DEC954100DE3DAC /* DimeloTestAppDelegate.m in Sources */ = {isa = PBXBuildFile; fileRef = 585AC0E21DEC954100DE3DAC /* DimeloTestAppDelegate.m */; };
		8349205720E1450300881BD0 /* Bugsnag.framework in Frameworks */ = {isa = PBXBuildFile; fileRef = 8349205520E144F000881BD0 /* Bugsnag.framework */; };
		8349205820E1450300881BD0 /* Bugsnag.framework in Embed Frameworks */ = {isa = PBXBuildFile; fileRef = 8349205520E144F000881BD0 /* Bugsnag.framework */; settings = {ATTRIBUTES = (CodeSignOnCopy, RemoveHeadersOnCopy, ); }; };
		A10B2E7B1AA7991C00872EC2 /* DimeloConfig.plist in Resources */ = {isa = PBXBuildFile; fileRef = A10B2E7A1AA7991C00872EC2 /* DimeloConfig.plist */; };
		A10B2E7E1AA79C4000872EC2 /* AddressBookUI.framework in Frameworks */ = {isa = PBXBuildFile; fileRef = A10B2E7D1AA79C4000872EC2 /* AddressBookUI.framework */; };
		A10B2E801AA79C7A00872EC2 /* MapKit.framework in Frameworks */ = {isa = PBXBuildFile; fileRef = A10B2E7F1AA79C7A00872EC2 /* MapKit.framework */; };
		A10B2E821AA79CAF00872EC2 /* CoreLocation.framework in Frameworks */ = {isa = PBXBuildFile; fileRef = A10B2E811AA79CAF00872EC2 /* CoreLocation.framework */; };
/* End PBXBuildFile section */

/* Begin PBXCopyFilesBuildPhase section */
		58178A3A1E48E8170020A6B9 /* Embed Frameworks */ = {
			isa = PBXCopyFilesBuildPhase;
			buildActionMask = 2147483647;
			dstPath = "";
			dstSubfolderSpec = 10;
			files = (
				8349205820E1450300881BD0 /* Bugsnag.framework in Embed Frameworks */,
				58178A391E48E8170020A6B9 /* Dimelo.framework in Embed Frameworks */,
			);
			name = "Embed Frameworks";
			runOnlyForDeploymentPostprocessing = 0;
		};
/* End PBXCopyFilesBuildPhase section */

/* Begin PBXFileReference section */
		207278EA19CC29A100C40976 /* Dimelo Sample App.app */ = {isa = PBXFileReference; explicitFileType = wrapper.application; includeInIndex = 0; path = "Dimelo Sample App.app"; sourceTree = BUILT_PRODUCTS_DIR; };
		207278EE19CC29A100C40976 /* Info.plist */ = {isa = PBXFileReference; lastKnownFileType = text.plist.xml; path = Info.plist; sourceTree = "<group>"; };
		207278EF19CC29A100C40976 /* main.m */ = {isa = PBXFileReference; lastKnownFileType = sourcecode.c.objc; path = main.m; sourceTree = "<group>"; };
		207278F119CC29A100C40976 /* AppDelegate.h */ = {isa = PBXFileReference; lastKnownFileType = sourcecode.c.h; path = AppDelegate.h; sourceTree = "<group>"; };
		207278F219CC29A100C40976 /* AppDelegate.m */ = {isa = PBXFileReference; lastKnownFileType = sourcecode.c.objc; path = AppDelegate.m; sourceTree = "<group>"; };
		207278F419CC29A100C40976 /* ViewController.h */ = {isa = PBXFileReference; lastKnownFileType = sourcecode.c.h; path = ViewController.h; sourceTree = "<group>"; };
		207278F519CC29A100C40976 /* ViewController.m */ = {isa = PBXFileReference; lastKnownFileType = sourcecode.c.objc; path = ViewController.m; sourceTree = "<group>"; };
		207278F819CC29A100C40976 /* Base */ = {isa = PBXFileReference; lastKnownFileType = file.storyboard; name = Base; path = Base.lproj/Main.storyboard; sourceTree = "<group>"; };
		207278FA19CC29A100C40976 /* Images.xcassets */ = {isa = PBXFileReference; lastKnownFileType = folder.assetcatalog; path = Images.xcassets; sourceTree = "<group>"; };
		207278FD19CC29A100C40976 /* Base */ = {isa = PBXFileReference; lastKnownFileType = file.xib; name = Base; path = Base.lproj/LaunchScreen.xib; sourceTree = "<group>"; };
		2072792B19CC2E5F00C40976 /* SystemConfiguration.framework */ = {isa = PBXFileReference; lastKnownFileType = wrapper.framework; name = SystemConfiguration.framework; path = System/Library/Frameworks/SystemConfiguration.framework; sourceTree = SDKROOT; };
		2072793519CC2EDE00C40976 /* MobileCoreServices.framework */ = {isa = PBXFileReference; lastKnownFileType = wrapper.framework; name = MobileCoreServices.framework; path = System/Library/Frameworks/MobileCoreServices.framework; sourceTree = SDKROOT; };
		2072793A19CC2FC400C40976 /* Accelerate.framework */ = {isa = PBXFileReference; lastKnownFileType = wrapper.framework; name = Accelerate.framework; path = System/Library/Frameworks/Accelerate.framework; sourceTree = SDKROOT; };
		58178A361E48E7D60020A6B9 /* Dimelo.framework */ = {isa = PBXFileReference; lastKnownFileType = wrapper.framework; path = Dimelo.framework; sourceTree = "<group>"; };
		585AC0DA1DEC954100DE3DAC /* DimeloBankViewController.h */ = {isa = PBXFileReference; fileEncoding = 4; lastKnownFileType = sourcecode.c.h; path = DimeloBankViewController.h; sourceTree = "<group>"; };
		585AC0DB1DEC954100DE3DAC /* DimeloBankViewController.m */ = {isa = PBXFileReference; fileEncoding = 4; lastKnownFileType = sourcecode.c.objc; path = DimeloBankViewController.m; sourceTree = "<group>"; };
		585AC0DC1DEC954100DE3DAC /* DimeloDefaultViewController.h */ = {isa = PBXFileReference; fileEncoding = 4; lastKnownFileType = sourcecode.c.h; path = DimeloDefaultViewController.h; sourceTree = "<group>"; };
		585AC0DD1DEC954100DE3DAC /* DimeloDefaultViewController.m */ = {isa = PBXFileReference; fileEncoding = 4; lastKnownFileType = sourcecode.c.objc; path = DimeloDefaultViewController.m; sourceTree = "<group>"; };
		585AC0DE1DEC954100DE3DAC /* DimeloTelcoViewController.h */ = {isa = PBXFileReference; fileEncoding = 4; lastKnownFileType = sourcecode.c.h; path = DimeloTelcoViewController.h; sourceTree = "<group>"; };
		585AC0DF1DEC954100DE3DAC /* DimeloTelcoViewController.m */ = {isa = PBXFileReference; fileEncoding = 4; lastKnownFileType = sourcecode.c.objc; path = DimeloTelcoViewController.m; sourceTree = "<group>"; };
		585AC0E01DEC954100DE3DAC /* DimeloTestApp-Prefix.pch */ = {isa = PBXFileReference; fileEncoding = 4; lastKnownFileType = sourcecode.c.h; path = "DimeloTestApp-Prefix.pch"; sourceTree = "<group>"; };
		585AC0E11DEC954100DE3DAC /* DimeloTestAppDelegate.h */ = {isa = PBXFileReference; fileEncoding = 4; lastKnownFileType = sourcecode.c.h; path = DimeloTestAppDelegate.h; sourceTree = "<group>"; };
		585AC0E21DEC954100DE3DAC /* DimeloTestAppDelegate.m */ = {isa = PBXFileReference; fileEncoding = 4; lastKnownFileType = sourcecode.c.objc; path = DimeloTestAppDelegate.m; sourceTree = "<group>"; };
		8330F17C1F45A4D400F266CE /* Dimelo Sample App.entitlements */ = {isa = PBXFileReference; lastKnownFileType = text.plist.entitlements; path = "Dimelo Sample App.entitlements"; sourceTree = SOURCE_ROOT; };
		8349205520E144F000881BD0 /* Bugsnag.framework */ = {isa = PBXFileReference; lastKnownFileType = wrapper.framework; path = Bugsnag.framework; sourceTree = "<group>"; };
		A10B2E7A1AA7991C00872EC2 /* DimeloConfig.plist */ = {isa = PBXFileReference; fileEncoding = 4; lastKnownFileType = text.plist.xml; path = DimeloConfig.plist; sourceTree = "<group>"; };
		A10B2E7D1AA79C4000872EC2 /* AddressBookUI.framework */ = {isa = PBXFileReference; lastKnownFileType = wrapper.framework; name = AddressBookUI.framework; path = System/Library/Frameworks/AddressBookUI.framework; sourceTree = SDKROOT; };
		A10B2E7F1AA79C7A00872EC2 /* MapKit.framework */ = {isa = PBXFileReference; lastKnownFileType = wrapper.framework; name = MapKit.framework; path = System/Library/Frameworks/MapKit.framework; sourceTree = SDKROOT; };
		A10B2E811AA79CAF00872EC2 /* CoreLocation.framework */ = {isa = PBXFileReference; lastKnownFileType = wrapper.framework; name = CoreLocation.framework; path = System/Library/Frameworks/CoreLocation.framework; sourceTree = SDKROOT; };
/* End PBXFileReference section */

/* Begin PBXFrameworksBuildPhase section */
		207278E719CC29A100C40976 /* Frameworks */ = {
			isa = PBXFrameworksBuildPhase;
			buildActionMask = 2147483647;
			files = (
				A10B2E821AA79CAF00872EC2 /* CoreLocation.framework in Frameworks */,
				A10B2E801AA79C7A00872EC2 /* MapKit.framework in Frameworks */,
				A10B2E7E1AA79C4000872EC2 /* AddressBookUI.framework in Frameworks */,
				2072793B19CC2FC400C40976 /* Accelerate.framework in Frameworks */,
				8349205720E1450300881BD0 /* Bugsnag.framework in Frameworks */,
				2072793919CC2F0500C40976 /* MobileCoreServices.framework in Frameworks */,
				58178A381E48E8170020A6B9 /* Dimelo.framework in Frameworks */,
				2072792C19CC2E5F00C40976 /* SystemConfiguration.framework in Frameworks */,
			);
			runOnlyForDeploymentPostprocessing = 0;
		};
/* End PBXFrameworksBuildPhase section */

/* Begin PBXGroup section */
		207278E119CC29A100C40976 = {
			isa = PBXGroup;
			children = (
				8349205520E144F000881BD0 /* Bugsnag.framework */,
				58178A361E48E7D60020A6B9 /* Dimelo.framework */,
				A10B2E811AA79CAF00872EC2 /* CoreLocation.framework */,
				A10B2E7F1AA79C7A00872EC2 /* MapKit.framework */,
				A10B2E7D1AA79C4000872EC2 /* AddressBookUI.framework */,
				207278EC19CC29A100C40976 /* Dimelo Sample App */,
				207278EB19CC29A100C40976 /* Products */,
			);
			sourceTree = "<group>";
		};
		207278EB19CC29A100C40976 /* Products */ = {
			isa = PBXGroup;
			children = (
				207278EA19CC29A100C40976 /* Dimelo Sample App.app */,
			);
			name = Products;
			sourceTree = "<group>";
		};
		207278EC19CC29A100C40976 /* Dimelo Sample App */ = {
			isa = PBXGroup;
			children = (
				8330F17C1F45A4D400F266CE /* Dimelo Sample App.entitlements */,
				585AC0DA1DEC954100DE3DAC /* DimeloBankViewController.h */,
				585AC0DB1DEC954100DE3DAC /* DimeloBankViewController.m */,
				585AC0DC1DEC954100DE3DAC /* DimeloDefaultViewController.h */,
				585AC0DD1DEC954100DE3DAC /* DimeloDefaultViewController.m */,
				585AC0DE1DEC954100DE3DAC /* DimeloTelcoViewController.h */,
				585AC0DF1DEC954100DE3DAC /* DimeloTelcoViewController.m */,
				585AC0E01DEC954100DE3DAC /* DimeloTestApp-Prefix.pch */,
				585AC0E11DEC954100DE3DAC /* DimeloTestAppDelegate.h */,
				585AC0E21DEC954100DE3DAC /* DimeloTestAppDelegate.m */,
				207278F119CC29A100C40976 /* AppDelegate.h */,
				207278F219CC29A100C40976 /* AppDelegate.m */,
				207278F419CC29A100C40976 /* ViewController.h */,
				207278F519CC29A100C40976 /* ViewController.m */,
				207278F719CC29A100C40976 /* Main.storyboard */,
				207278FA19CC29A100C40976 /* Images.xcassets */,
				207278FC19CC29A100C40976 /* LaunchScreen.xib */,
				A10B2E7A1AA7991C00872EC2 /* DimeloConfig.plist */,
				207278ED19CC29A100C40976 /* Supporting Files */,
			);
			name = "Dimelo Sample App";
			path = DimeloSampleApp;
			sourceTree = "<group>";
		};
		207278ED19CC29A100C40976 /* Supporting Files */ = {
			isa = PBXGroup;
			children = (
				2072793A19CC2FC400C40976 /* Accelerate.framework */,
				2072793519CC2EDE00C40976 /* MobileCoreServices.framework */,
				2072792B19CC2E5F00C40976 /* SystemConfiguration.framework */,
				207278EE19CC29A100C40976 /* Info.plist */,
				207278EF19CC29A100C40976 /* main.m */,
			);
			name = "Supporting Files";
			sourceTree = "<group>";
		};
/* End PBXGroup section */

/* Begin PBXNativeTarget section */
		207278E919CC29A100C40976 /* Dimelo Sample App */ = {
			isa = PBXNativeTarget;
			buildConfigurationList = 2072790D19CC29A100C40976 /* Build configuration list for PBXNativeTarget "Dimelo Sample App" */;
			buildPhases = (
				207278E619CC29A100C40976 /* Sources */,
				207278E719CC29A100C40976 /* Frameworks */,
				207278E819CC29A100C40976 /* Resources */,
				58178A3A1E48E8170020A6B9 /* Embed Frameworks */,
			);
			buildRules = (
			);
			dependencies = (
			);
			name = "Dimelo Sample App";
			productName = "Dimelo Sample App";
			productReference = 207278EA19CC29A100C40976 /* Dimelo Sample App.app */;
			productType = "com.apple.product-type.application";
		};
/* End PBXNativeTarget section */

/* Begin PBXProject section */
		207278E219CC29A100C40976 /* Project object */ = {
			isa = PBXProject;
			attributes = {
				LastUpgradeCheck = 0820;
				ORGANIZATIONNAME = Dimelo;
				TargetAttributes = {
					207278E919CC29A100C40976 = {
						CreatedOnToolsVersion = 6.0;
						DevelopmentTeam = 8ZA7UMKMTJ;
						SystemCapabilities = {
							com.apple.Push = {
								enabled = 1;
							};
						};
					};
				};
			};
			buildConfigurationList = 207278E519CC29A100C40976 /* Build configuration list for PBXProject "Dimelo Sample App" */;
			compatibilityVersion = "Xcode 3.2";
			developmentRegion = English;
			hasScannedForEncodings = 0;
			knownRegions = (
				en,
				Base,
			);
			mainGroup = 207278E119CC29A100C40976;
			productRefGroup = 207278EB19CC29A100C40976 /* Products */;
			projectDirPath = "";
			projectRoot = "";
			targets = (
				207278E919CC29A100C40976 /* Dimelo Sample App */,
			);
		};
/* End PBXProject section */

/* Begin PBXResourcesBuildPhase section */
		207278E819CC29A100C40976 /* Resources */ = {
			isa = PBXResourcesBuildPhase;
			buildActionMask = 2147483647;
			files = (
				207278F919CC29A100C40976 /* Main.storyboard in Resources */,
				207278FE19CC29A100C40976 /* LaunchScreen.xib in Resources */,
				207278FB19CC29A100C40976 /* Images.xcassets in Resources */,
				A10B2E7B1AA7991C00872EC2 /* DimeloConfig.plist in Resources */,
			);
			runOnlyForDeploymentPostprocessing = 0;
		};
/* End PBXResourcesBuildPhase section */

/* Begin PBXSourcesBuildPhase section */
		207278E619CC29A100C40976 /* Sources */ = {
			isa = PBXSourcesBuildPhase;
			buildActionMask = 2147483647;
			files = (
				585AC0E51DEC954100DE3DAC /* DimeloTelcoViewController.m in Sources */,
				585AC0E41DEC954100DE3DAC /* DimeloDefaultViewController.m in Sources */,
				585AC0E61DEC954100DE3DAC /* DimeloTestAppDelegate.m in Sources */,
				207278F619CC29A100C40976 /* ViewController.m in Sources */,
				207278F319CC29A100C40976 /* AppDelegate.m in Sources */,
				585AC0E31DEC954100DE3DAC /* DimeloBankViewController.m in Sources */,
				207278F019CC29A100C40976 /* main.m in Sources */,
			);
			runOnlyForDeploymentPostprocessing = 0;
		};
/* End PBXSourcesBuildPhase section */

/* Begin PBXVariantGroup section */
		207278F719CC29A100C40976 /* Main.storyboard */ = {
			isa = PBXVariantGroup;
			children = (
				207278F819CC29A100C40976 /* Base */,
			);
			name = Main.storyboard;
			sourceTree = "<group>";
		};
		207278FC19CC29A100C40976 /* LaunchScreen.xib */ = {
			isa = PBXVariantGroup;
			children = (
				207278FD19CC29A100C40976 /* Base */,
			);
			name = LaunchScreen.xib;
			sourceTree = "<group>";
		};
/* End PBXVariantGroup section */

/* Begin XCBuildConfiguration section */
		2072790B19CC29A100C40976 /* Debug */ = {
			isa = XCBuildConfiguration;
			buildSettings = {
				ALWAYS_SEARCH_USER_PATHS = NO;
				CLANG_CXX_LANGUAGE_STANDARD = "gnu++0x";
				CLANG_CXX_LIBRARY = "libc++";
				CLANG_ENABLE_MODULES = YES;
				CLANG_ENABLE_OBJC_ARC = YES;
				CLANG_WARN_BOOL_CONVERSION = YES;
				CLANG_WARN_CONSTANT_CONVERSION = YES;
				CLANG_WARN_DIRECT_OBJC_ISA_USAGE = YES_ERROR;
				CLANG_WARN_EMPTY_BODY = YES;
				CLANG_WARN_ENUM_CONVERSION = YES;
				CLANG_WARN_INFINITE_RECURSION = YES;
				CLANG_WARN_INT_CONVERSION = YES;
				CLANG_WARN_OBJC_ROOT_CLASS = YES_ERROR;
				CLANG_WARN_SUSPICIOUS_MOVE = YES;
				CLANG_WARN_UNREACHABLE_CODE = YES;
				CLANG_WARN__DUPLICATE_METHOD_MATCH = YES;
				"CODE_SIGN_IDENTITY[sdk=iphoneos*]" = "iPhone Developer";
				COPY_PHASE_STRIP = NO;
				ENABLE_STRICT_OBJC_MSGSEND = YES;
				ENABLE_TESTABILITY = YES;
				GCC_C_LANGUAGE_STANDARD = gnu99;
				GCC_DYNAMIC_NO_PIC = NO;
				GCC_NO_COMMON_BLOCKS = YES;
				GCC_OPTIMIZATION_LEVEL = 0;
				GCC_PREPROCESSOR_DEFINITIONS = (
					"DEBUG=1",
					"$(inherited)",
				);
				GCC_SYMBOLS_PRIVATE_EXTERN = NO;
				GCC_WARN_64_TO_32_BIT_CONVERSION = YES;
				GCC_WARN_ABOUT_RETURN_TYPE = YES_ERROR;
				GCC_WARN_UNDECLARED_SELECTOR = YES;
				GCC_WARN_UNINITIALIZED_AUTOS = YES_AGGRESSIVE;
				GCC_WARN_UNUSED_FUNCTION = YES;
				GCC_WARN_UNUSED_VARIABLE = YES;
				IPHONEOS_DEPLOYMENT_TARGET = 8.0;
				MTL_ENABLE_DEBUG_INFO = YES;
				ONLY_ACTIVE_ARCH = YES;
				SDKROOT = iphoneos;
				TARGETED_DEVICE_FAMILY = "1,2";
			};
			name = Debug;
		};
		2072790C19CC29A100C40976 /* Release */ = {
			isa = XCBuildConfiguration;
			buildSettings = {
				ALWAYS_SEARCH_USER_PATHS = NO;
				CLANG_CXX_LANGUAGE_STANDARD = "gnu++0x";
				CLANG_CXX_LIBRARY = "libc++";
				CLANG_ENABLE_MODULES = YES;
				CLANG_ENABLE_OBJC_ARC = YES;
				CLANG_WARN_BOOL_CONVERSION = YES;
				CLANG_WARN_CONSTANT_CONVERSION = YES;
				CLANG_WARN_DIRECT_OBJC_ISA_USAGE = YES_ERROR;
				CLANG_WARN_EMPTY_BODY = YES;
				CLANG_WARN_ENUM_CONVERSION = YES;
				CLANG_WARN_INFINITE_RECURSION = YES;
				CLANG_WARN_INT_CONVERSION = YES;
				CLANG_WARN_OBJC_ROOT_CLASS = YES_ERROR;
				CLANG_WARN_SUSPICIOUS_MOVE = YES;
				CLANG_WARN_UNREACHABLE_CODE = YES;
				CLANG_WARN__DUPLICATE_METHOD_MATCH = YES;
				"CODE_SIGN_IDENTITY[sdk=iphoneos*]" = "iPhone Developer";
				COPY_PHASE_STRIP = YES;
				ENABLE_NS_ASSERTIONS = NO;
				ENABLE_STRICT_OBJC_MSGSEND = YES;
				GCC_C_LANGUAGE_STANDARD = gnu99;
				GCC_NO_COMMON_BLOCKS = YES;
				GCC_WARN_64_TO_32_BIT_CONVERSION = YES;
				GCC_WARN_ABOUT_RETURN_TYPE = YES_ERROR;
				GCC_WARN_UNDECLARED_SELECTOR = YES;
				GCC_WARN_UNINITIALIZED_AUTOS = YES_AGGRESSIVE;
				GCC_WARN_UNUSED_FUNCTION = YES;
				GCC_WARN_UNUSED_VARIABLE = YES;
				IPHONEOS_DEPLOYMENT_TARGET = 8.0;
				MTL_ENABLE_DEBUG_INFO = NO;
				SDKROOT = iphoneos;
				TARGETED_DEVICE_FAMILY = "1,2";
				VALIDATE_PRODUCT = YES;
			};
			name = Release;
		};
		2072790E19CC29A100C40976 /* Debug */ = {
			isa = XCBuildConfiguration;
			buildSettings = {
				ASSETCATALOG_COMPILER_APPICON_NAME = AppIcon;
				CODE_SIGN_ENTITLEMENTS = "Dimelo Sample App.entitlements";
				DEVELOPMENT_TEAM = 8ZA7UMKMTJ;
				FRAMEWORK_SEARCH_PATHS = (
					"$(inherited)",
					"$(PROJECT_DIR)",
				);
				INFOPLIST_FILE = DimeloSampleApp/Info.plist;
				LD_RUNPATH_SEARCH_PATHS = "$(inherited) @executable_path/Frameworks";
				LIBRARY_SEARCH_PATHS = (
					"$(inherited)",
					"$(PROJECT_DIR)/DimeloSampleApp/Dimelo",
				);
				PRODUCT_BUNDLE_IDENTIFIER = "com.pierlis.dimelo.Dimelo-Sample-App";
				PRODUCT_NAME = "$(TARGET_NAME)";
			};
			name = Debug;
		};
		2072790F19CC29A100C40976 /* Release */ = {
			isa = XCBuildConfiguration;
			buildSettings = {
				ASSETCATALOG_COMPILER_APPICON_NAME = AppIcon;
				CODE_SIGN_ENTITLEMENTS = "Dimelo Sample App.entitlements";
				DEVELOPMENT_TEAM = 8ZA7UMKMTJ;
				FRAMEWORK_SEARCH_PATHS = (
					"$(inherited)",
					"$(PROJECT_DIR)",
				);
				INFOPLIST_FILE = DimeloSampleApp/Info.plist;
				LD_RUNPATH_SEARCH_PATHS = "$(inherited) @executable_path/Frameworks";
				LIBRARY_SEARCH_PATHS = (
					"$(inherited)",
					"$(PROJECT_DIR)/DimeloSampleApp/Dimelo",
				);
				PRODUCT_BUNDLE_IDENTIFIER = "com.pierlis.dimelo.Dimelo-Sample-App";
				PRODUCT_NAME = "$(TARGET_NAME)";
			};
			name = Release;
		};
/* End XCBuildConfiguration section */

/* Begin XCConfigurationList section */
		207278E519CC29A100C40976 /* Build configuration list for PBXProject "Dimelo Sample App" */ = {
			isa = XCConfigurationList;
			buildConfigurations = (
				2072790B19CC29A100C40976 /* Debug */,
				2072790C19CC29A100C40976 /* Release */,
			);
			defaultConfigurationIsVisible = 0;
			defaultConfigurationName = Release;
		};
		2072790D19CC29A100C40976 /* Build configuration list for PBXNativeTarget "Dimelo Sample App" */ = {
			isa = XCConfigurationList;
			buildConfigurations = (
				2072790E19CC29A100C40976 /* Debug */,
				2072790F19CC29A100C40976 /* Release */,
			);
			defaultConfigurationIsVisible = 0;
			defaultConfigurationName = Release;
		};
/* End XCConfigurationList section */
	};
	rootObject = 207278E219CC29A100C40976 /* Project object */;
}
